
Microsoft Visual Studio Solution File, Format Version 12.00
# Visual Studio 15
VisualStudioVersion = 15.0.27428.2037
MinimumVisualStudioVersion = 10.0.40219.1
Project("{F2A71F9B-5D33-465A-A702-920D77279786}") = "pi", "pi\pi.fsproj", "{EECEF2F9-CA5D-4F9A-8B8F-0519B0E3DB4B}"
EndProject
Global
	GlobalSection(SolutionConfigurationPlatforms) = preSolution
		Debug|Any CPU = Debug|Any CPU
		Release|Any CPU = Release|Any CPU
	EndGlobalSection
	GlobalSection(ProjectConfigurationPlatforms) = postSolution
		{EECEF2F9-CA5D-4F9A-8B8F-0519B0E3DB4B}.Debug|Any CPU.ActiveCfg = Debug|Any CPU
		{EECEF2F9-CA5D-4F9A-8B8F-0519B0E3DB4B}.Debug|Any CPU.Build.0 = Debug|Any CPU
		{EECEF2F9-CA5D-4F9A-8B8F-0519B0E3DB4B}.Release|Any CPU.ActiveCfg = Release|Any CPU
		{EECEF2F9-CA5D-4F9A-8B8F-0519B0E3DB4B}.Release|Any CPU.Build.0 = Release|Any CPU
	EndGlobalSection
	GlobalSection(SolutionProperties) = preSolution
		HideSolutionNode = FALSE
	EndGlobalSection
	GlobalSection(ExtensibilityGlobals) = postSolution
		SolutionGuid = {53B049CD-2A67-49D7-9F13-018C161399F0}
	EndGlobalSection
EndGlobal
